
Microsoft Visual Studio Solution File, Format Version 12.00
# Visual Studio Version 16
VisualStudioVersion = 16.0.31019.35
MinimumVisualStudioVersion = 10.0.40219.1
Project("{9A19103F-16F7-4668-BE54-9A1E7A4F7556}") = "JavaScript.NET", "JavaScript.NET\JavaScript.NET.csproj", "{0A0FBCC1-0F35-47F9-ADBE-210C416F66A0}"
EndProject
Project("{9A19103F-16F7-4668-BE54-9A1E7A4F7556}") = "AltV.Net.Client.Compiler", "AltV.Net.Client.Compiler\AltV.Net.Client.Compiler.csproj", "{45B9F20F-B4E2-4D27-AF7E-884A1FE145A8}"
EndProject
Project("{FAE04EC0-301F-11D3-BF4B-00C04F79EFBC}") = "AltV.Net.Client", "AltV.Net.Client\AltV.Net.Client.csproj", "{AEBB75CB-5382-456F-B89F-8CB90C347F6B}"
EndProject
Global
	GlobalSection(SolutionConfigurationPlatforms) = preSolution
		Debug|Any CPU = Debug|Any CPU
		Release|Any CPU = Release|Any CPU
	EndGlobalSection
	GlobalSection(ProjectConfigurationPlatforms) = postSolution
		{0A0FBCC1-0F35-47F9-ADBE-210C416F66A0}.Debug|Any CPU.ActiveCfg = Debug|Any CPU
		{0A0FBCC1-0F35-47F9-ADBE-210C416F66A0}.Debug|Any CPU.Build.0 = Debug|Any CPU
		{0A0FBCC1-0F35-47F9-ADBE-210C416F66A0}.Release|Any CPU.ActiveCfg = Release|Any CPU
		{0A0FBCC1-0F35-47F9-ADBE-210C416F66A0}.Release|Any CPU.Build.0 = Release|Any CPU
		{45B9F20F-B4E2-4D27-AF7E-884A1FE145A8}.Debug|Any CPU.ActiveCfg = Debug|Any CPU
		{45B9F20F-B4E2-4D27-AF7E-884A1FE145A8}.Debug|Any CPU.Build.0 = Debug|Any CPU
		{45B9F20F-B4E2-4D27-AF7E-884A1FE145A8}.Release|Any CPU.ActiveCfg = Release|Any CPU
		{45B9F20F-B4E2-4D27-AF7E-884A1FE145A8}.Release|Any CPU.Build.0 = Release|Any CPU
		{AEBB75CB-5382-456F-B89F-8CB90C347F6B}.Debug|Any CPU.ActiveCfg = Debug|Any CPU
		{AEBB75CB-5382-456F-B89F-8CB90C347F6B}.Debug|Any CPU.Build.0 = Debug|Any CPU
		{AEBB75CB-5382-456F-B89F-8CB90C347F6B}.Release|Any CPU.ActiveCfg = Release|Any CPU
		{AEBB75CB-5382-456F-B89F-8CB90C347F6B}.Release|Any CPU.Build.0 = Release|Any CPU
	EndGlobalSection
	GlobalSection(SolutionProperties) = preSolution
		HideSolutionNode = FALSE
	EndGlobalSection
	GlobalSection(ExtensibilityGlobals) = postSolution
		SolutionGuid = {B5013108-810C-4A5A-8DB7-23811F182E63}
	EndGlobalSection
EndGlobal
